
Microsoft Visual Studio Solution File, Format Version 12.00
# Visual Studio Version 17
VisualStudioVersion = 17.9.34622.214
MinimumVisualStudioVersion = 10.0.40219.1
Project("{FAE04EC0-301F-11D3-BF4B-00C04F79EFBC}") = "BasicApp_Pipeline", "BasicApp_Pipeline.csproj", "{1E38E600-7F77-49F0-A873-740F3F4595C0}"
EndProject
Global
	GlobalSection(SolutionConfigurationPlatforms) = preSolution
		Debug|Any CPU = Debug|Any CPU
		Release|Any CPU = Release|Any CPU
	EndGlobalSection
	GlobalSection(ProjectConfigurationPlatforms) = postSolution
		{1E38E600-7F77-49F0-A873-740F3F4595C0}.Debug|Any CPU.ActiveCfg = Debug|Any CPU
		{1E38E600-7F77-49F0-A873-740F3F4595C0}.Debug|Any CPU.Build.0 = Debug|Any CPU
		{1E38E600-7F77-49F0-A873-740F3F4595C0}.Release|Any CPU.ActiveCfg = Release|Any CPU
		{1E38E600-7F77-49F0-A873-740F3F4595C0}.Release|Any CPU.Build.0 = Release|Any CPU
	EndGlobalSection
	GlobalSection(SolutionProperties) = preSolution
		HideSolutionNode = FALSE
	EndGlobalSection
	GlobalSection(ExtensibilityGlobals) = postSolution
		SolutionGuid = {13BFF857-9EBB-4509-B878-02F3C5D17107}
	EndGlobalSection
EndGlobal
